// !$*UTF8*$!
{
	archiveVersion = 1;
	classes = {
	};
	objectVersion = 56;
	objects = {

/* Begin PBXBuildFile section */
		1B5624852B4D23A00093D4F4 /* AppDelegate.swift in Sources */ = {isa = PBXBuildFile; fileRef = 1B5624842B4D23A00093D4F4 /* AppDelegate.swift */; };
		1B5624872B4D23A00093D4F4 /* SceneDelegate.swift in Sources */ = {isa = PBXBuildFile; fileRef = 1B5624862B4D23A00093D4F4 /* SceneDelegate.swift */; };
		1B56248C2B4D23A00093D4F4 /* Main.storyboard in Resources */ = {isa = PBXBuildFile; fileRef = 1B56248A2B4D23A00093D4F4 /* Main.storyboard */; };
		1B56248E2B4D23A00093D4F4 /* Assets.xcassets in Resources */ = {isa = PBXBuildFile; fileRef = 1B56248D2B4D23A00093D4F4 /* Assets.xcassets */; };
		1B5624912B4D23A00093D4F4 /* LaunchScreen.storyboard in Resources */ = {isa = PBXBuildFile; fileRef = 1B56248F2B4D23A00093D4F4 /* LaunchScreen.storyboard */; };
		1B773DA02CAE3082009897AF /* ViewController.swift in Sources */ = {isa = PBXBuildFile; fileRef = 1B5624882B4D23A00093D4F4 /* ViewController.swift */; };
		1BA19B4A2CAE3F4F009D6F0B /* LearningRxSwiftTests.swift in Sources */ = {isa = PBXBuildFile; fileRef = 1BC87E082CAE3AFF00B53B01 /* LearningRxSwiftTests.swift */; };
		868EFC876A9E04A58285CC59 /* Pods_LearningRxSwift.framework in Frameworks */ = {isa = PBXBuildFile; fileRef = 75165A04951F601355BF03AB /* Pods_LearningRxSwift.framework */; };
/* End PBXBuildFile section */

/* Begin PBXContainerItemProxy section */
		1BA19B452CAE3F3A009D6F0B /* PBXContainerItemProxy */ = {
			isa = PBXContainerItemProxy;
			containerPortal = 1B5624792B4D239F0093D4F4 /* Project object */;
			proxyType = 1;
			remoteGlobalIDString = 1B5624802B4D23A00093D4F4;
			remoteInfo = LearningRxSwift;
		};
/* End PBXContainerItemProxy section */

/* Begin PBXFileReference section */
		1B01A15F2B56478F0064E3FD /* BaseCoordinator.swift */ = {isa = PBXFileReference; lastKnownFileType = sourcecode.swift; path = BaseCoordinator.swift; sourceTree = "<group>"; };
		1B01A1612B5647F90064E3FD /* AppCoordinator.swift */ = {isa = PBXFileReference; lastKnownFileType = sourcecode.swift; path = AppCoordinator.swift; sourceTree = "<group>"; };
		1B5624812B4D23A00093D4F4 /* LearningRxSwift.app */ = {isa = PBXFileReference; explicitFileType = wrapper.application; includeInIndex = 0; path = LearningRxSwift.app; sourceTree = BUILT_PRODUCTS_DIR; };
		1B5624842B4D23A00093D4F4 /* AppDelegate.swift */ = {isa = PBXFileReference; lastKnownFileType = sourcecode.swift; path = AppDelegate.swift; sourceTree = "<group>"; };
		1B5624862B4D23A00093D4F4 /* SceneDelegate.swift */ = {isa = PBXFileReference; lastKnownFileType = sourcecode.swift; path = SceneDelegate.swift; sourceTree = "<group>"; };
		1B5624882B4D23A00093D4F4 /* ViewController.swift */ = {isa = PBXFileReference; lastKnownFileType = sourcecode.swift; path = ViewController.swift; sourceTree = "<group>"; };
		1B56248B2B4D23A00093D4F4 /* Base */ = {isa = PBXFileReference; lastKnownFileType = file.storyboard; name = Base; path = Base.lproj/Main.storyboard; sourceTree = "<group>"; };
		1B56248D2B4D23A00093D4F4 /* Assets.xcassets */ = {isa = PBXFileReference; lastKnownFileType = folder.assetcatalog; path = Assets.xcassets; sourceTree = "<group>"; };
		1B5624902B4D23A00093D4F4 /* Base */ = {isa = PBXFileReference; lastKnownFileType = file.storyboard; name = Base; path = Base.lproj/LaunchScreen.storyboard; sourceTree = "<group>"; };
		1B5624922B4D23A00093D4F4 /* Info.plist */ = {isa = PBXFileReference; lastKnownFileType = text.plist.xml; path = Info.plist; sourceTree = "<group>"; };
		1BA19B412CAE3F3A009D6F0B /* LearningRxSwiftTests.xctest */ = {isa = PBXFileReference; explicitFileType = wrapper.cfbundle; includeInIndex = 0; path = LearningRxSwiftTests.xctest; sourceTree = BUILT_PRODUCTS_DIR; };
		1BC87E082CAE3AFF00B53B01 /* LearningRxSwiftTests.swift */ = {isa = PBXFileReference; lastKnownFileType = sourcecode.swift; path = LearningRxSwiftTests.swift; sourceTree = "<group>"; };
		1BD1EDE92B4D263F000A5A02 /* BaseViewModel.swift */ = {isa = PBXFileReference; lastKnownFileType = sourcecode.swift; path = BaseViewModel.swift; sourceTree = "<group>"; };
		1BD1EDED2B4D2B4E000A5A02 /* PostViewModel.swift */ = {isa = PBXFileReference; lastKnownFileType = sourcecode.swift; path = PostViewModel.swift; sourceTree = "<group>"; };
		3415F602F3A90657EA21B63E /* Pods-LearningRxSwift.release.xcconfig */ = {isa = PBXFileReference; includeInIndex = 1; lastKnownFileType = text.xcconfig; name = "Pods-LearningRxSwift.release.xcconfig"; path = "Target Support Files/Pods-LearningRxSwift/Pods-LearningRxSwift.release.xcconfig"; sourceTree = "<group>"; };
		75165A04951F601355BF03AB /* Pods_LearningRxSwift.framework */ = {isa = PBXFileReference; explicitFileType = wrapper.framework; includeInIndex = 0; path = Pods_LearningRxSwift.framework; sourceTree = BUILT_PRODUCTS_DIR; };
		84430D0DB2144632D1D954DB /* Pods-LearningRxSwift.debug.xcconfig */ = {isa = PBXFileReference; includeInIndex = 1; lastKnownFileType = text.xcconfig; name = "Pods-LearningRxSwift.debug.xcconfig"; path = "Target Support Files/Pods-LearningRxSwift/Pods-LearningRxSwift.debug.xcconfig"; sourceTree = "<group>"; };
		8EFFD932A57D8334632F2DBE /* Pods-LearningRxSwift-LearningRxSwiftTests.debug.xcconfig */ = {isa = PBXFileReference; includeInIndex = 1; lastKnownFileType = text.xcconfig; name = "Pods-LearningRxSwift-LearningRxSwiftTests.debug.xcconfig"; path = "Target Support Files/Pods-LearningRxSwift-LearningRxSwiftTests/Pods-LearningRxSwift-LearningRxSwiftTests.debug.xcconfig"; sourceTree = "<group>"; };
		DBA303D2EDD2C1B5DFE76F08 /* Pods_LearningRxSwift_LearningRxSwiftTests.framework */ = {isa = PBXFileReference; explicitFileType = wrapper.framework; includeInIndex = 0; path = Pods_LearningRxSwift_LearningRxSwiftTests.framework; sourceTree = BUILT_PRODUCTS_DIR; };
		E352DBFD52A4BF0A9472A79C /* Pods-LearningRxSwift-LearningRxSwiftTests.release.xcconfig */ = {isa = PBXFileReference; includeInIndex = 1; lastKnownFileType = text.xcconfig; name = "Pods-LearningRxSwift-LearningRxSwiftTests.release.xcconfig"; path = "Target Support Files/Pods-LearningRxSwift-LearningRxSwiftTests/Pods-LearningRxSwift-LearningRxSwiftTests.release.xcconfig"; sourceTree = "<group>"; };
/* End PBXFileReference section */

/* Begin PBXFrameworksBuildPhase section */
		1B56247E2B4D23A00093D4F4 /* Frameworks */ = {
			isa = PBXFrameworksBuildPhase;
			buildActionMask = 2147483647;
			files = (
				868EFC876A9E04A58285CC59 /* Pods_LearningRxSwift.framework in Frameworks */,
			);
			runOnlyForDeploymentPostprocessing = 0;
		};
		1BA19B3E2CAE3F3A009D6F0B /* Frameworks */ = {
			isa = PBXFrameworksBuildPhase;
			buildActionMask = 2147483647;
			files = (
			);
			runOnlyForDeploymentPostprocessing = 0;
		};
/* End PBXFrameworksBuildPhase section */

/* Begin PBXGroup section */
		1B01A15E2B5647780064E3FD /* Coordinators */ = {
			isa = PBXGroup;
			children = (
				1B01A15F2B56478F0064E3FD /* BaseCoordinator.swift */,
				1B01A1612B5647F90064E3FD /* AppCoordinator.swift */,
			);
			path = Coordinators;
			sourceTree = "<group>";
		};
		1B5624782B4D239F0093D4F4 = {
			isa = PBXGroup;
			children = (
				1B5624832B4D23A00093D4F4 /* LearningRxSwift */,
				1BC87E092CAE3AFF00B53B01 /* LearningRxSwiftTests */,
				1B5624822B4D23A00093D4F4 /* Products */,
				F4C752E6B7E84E75EEECDE87 /* Pods */,
				27C4F4CB44299F1E1A1B258B /* Frameworks */,
			);
			sourceTree = "<group>";
		};
		1B5624822B4D23A00093D4F4 /* Products */ = {
			isa = PBXGroup;
			children = (
				1B5624812B4D23A00093D4F4 /* LearningRxSwift.app */,
				1BA19B412CAE3F3A009D6F0B /* LearningRxSwiftTests.xctest */,
			);
			name = Products;
			sourceTree = "<group>";
		};
		1B5624832B4D23A00093D4F4 /* LearningRxSwift */ = {
			isa = PBXGroup;
			children = (
				1B5624842B4D23A00093D4F4 /* AppDelegate.swift */,
				1B5624862B4D23A00093D4F4 /* SceneDelegate.swift */,
				1B5624882B4D23A00093D4F4 /* ViewController.swift */,
				1B01A15E2B5647780064E3FD /* Coordinators */,
				1BD1EDE82B4D2630000A5A02 /* Base */,
				1BD1EDEB2B4D2B15000A5A02 /* Post */,
				1B56248A2B4D23A00093D4F4 /* Main.storyboard */,
				1B56248D2B4D23A00093D4F4 /* Assets.xcassets */,
				1B56248F2B4D23A00093D4F4 /* LaunchScreen.storyboard */,
				1B5624922B4D23A00093D4F4 /* Info.plist */,
			);
			path = LearningRxSwift;
			sourceTree = "<group>";
		};
		1BC87E092CAE3AFF00B53B01 /* LearningRxSwiftTests */ = {
			isa = PBXGroup;
			children = (
				1BC87E082CAE3AFF00B53B01 /* LearningRxSwiftTests.swift */,
			);
			path = LearningRxSwiftTests;
			sourceTree = "<group>";
		};
		1BD1EDE82B4D2630000A5A02 /* Base */ = {
			isa = PBXGroup;
			children = (
				1BD1EDE92B4D263F000A5A02 /* BaseViewModel.swift */,
			);
			path = Base;
			sourceTree = "<group>";
		};
		1BD1EDEB2B4D2B15000A5A02 /* Post */ = {
			isa = PBXGroup;
			children = (
				1BD1EDEC2B4D2B39000A5A02 /* viewmodels */,
			);
			path = Post;
			sourceTree = "<group>";
		};
		1BD1EDEC2B4D2B39000A5A02 /* viewmodels */ = {
			isa = PBXGroup;
			children = (
				1BD1EDED2B4D2B4E000A5A02 /* PostViewModel.swift */,
			);
			path = viewmodels;
			sourceTree = "<group>";
		};
		27C4F4CB44299F1E1A1B258B /* Frameworks */ = {
			isa = PBXGroup;
			children = (
				75165A04951F601355BF03AB /* Pods_LearningRxSwift.framework */,
				DBA303D2EDD2C1B5DFE76F08 /* Pods_LearningRxSwift_LearningRxSwiftTests.framework */,
			);
			name = Frameworks;
			sourceTree = "<group>";
		};
		F4C752E6B7E84E75EEECDE87 /* Pods */ = {
			isa = PBXGroup;
			children = (
				84430D0DB2144632D1D954DB /* Pods-LearningRxSwift.debug.xcconfig */,
				3415F602F3A90657EA21B63E /* Pods-LearningRxSwift.release.xcconfig */,
				8EFFD932A57D8334632F2DBE /* Pods-LearningRxSwift-LearningRxSwiftTests.debug.xcconfig */,
				E352DBFD52A4BF0A9472A79C /* Pods-LearningRxSwift-LearningRxSwiftTests.release.xcconfig */,
			);
			path = Pods;
			sourceTree = "<group>";
		};
/* End PBXGroup section */

/* Begin PBXNativeTarget section */
		1B5624802B4D23A00093D4F4 /* LearningRxSwift */ = {
			isa = PBXNativeTarget;
			buildConfigurationList = 1B5624952B4D23A00093D4F4 /* Build configuration list for PBXNativeTarget "LearningRxSwift" */;
			buildPhases = (
				8685AF065DCA6C14D356B505 /* [CP] Check Pods Manifest.lock */,
				1B56247D2B4D23A00093D4F4 /* Sources */,
				1B56247E2B4D23A00093D4F4 /* Frameworks */,
				1B56247F2B4D23A00093D4F4 /* Resources */,
				1B906CF42CAC4BC600F4E636 /* Build Phase Script */,
				5B699A1651A42C609DDD1319 /* [CP] Embed Pods Frameworks */,
			);
			buildRules = (
			);
			dependencies = (
			);
			name = LearningRxSwift;
			productName = LearningRxSwift;
			productReference = 1B5624812B4D23A00093D4F4 /* LearningRxSwift.app */;
			productType = "com.apple.product-type.application";
		};
		1BA19B402CAE3F3A009D6F0B /* LearningRxSwiftTests */ = {
			isa = PBXNativeTarget;
			buildConfigurationList = 1BA19B472CAE3F3A009D6F0B /* Build configuration list for PBXNativeTarget "LearningRxSwiftTests" */;
			buildPhases = (
				1BA19B3D2CAE3F3A009D6F0B /* Sources */,
				1BA19B3E2CAE3F3A009D6F0B /* Frameworks */,
				1BA19B3F2CAE3F3A009D6F0B /* Resources */,
			);
			buildRules = (
			);
			dependencies = (
				1BA19B462CAE3F3A009D6F0B /* PBXTargetDependency */,
			);
			name = LearningRxSwiftTests;
			packageProductDependencies = (
			);
			productName = LearningRxSwiftTests;
			productReference = 1BA19B412CAE3F3A009D6F0B /* LearningRxSwiftTests.xctest */;
			productType = "com.apple.product-type.bundle.unit-test";
		};
/* End PBXNativeTarget section */

/* Begin PBXProject section */
		1B5624792B4D239F0093D4F4 /* Project object */ = {
			isa = PBXProject;
			attributes = {
				BuildIndependentTargetsInParallel = 1;
				LastSwiftUpdateCheck = 1600;
				LastUpgradeCheck = 1500;
				TargetAttributes = {
					1B5624802B4D23A00093D4F4 = {
						CreatedOnToolsVersion = 15.0.1;
					};
					1BA19B402CAE3F3A009D6F0B = {
						CreatedOnToolsVersion = 16.0;
						TestTargetID = 1B5624802B4D23A00093D4F4;
					};
				};
			};
			buildConfigurationList = 1B56247C2B4D239F0093D4F4 /* Build configuration list for PBXProject "LearningRxSwift" */;
			compatibilityVersion = "Xcode 14.0";
			developmentRegion = en;
			hasScannedForEncodings = 0;
			knownRegions = (
				en,
				Base,
			);
			mainGroup = 1B5624782B4D239F0093D4F4;
			productRefGroup = 1B5624822B4D23A00093D4F4 /* Products */;
			projectDirPath = "";
			projectRoot = "";
			targets = (
				1B5624802B4D23A00093D4F4 /* LearningRxSwift */,
				1BA19B402CAE3F3A009D6F0B /* LearningRxSwiftTests */,
			);
		};
/* End PBXProject section */

/* Begin PBXResourcesBuildPhase section */
		1B56247F2B4D23A00093D4F4 /* Resources */ = {
			isa = PBXResourcesBuildPhase;
			buildActionMask = 2147483647;
			files = (
				1B5624912B4D23A00093D4F4 /* LaunchScreen.storyboard in Resources */,
				1B56248E2B4D23A00093D4F4 /* Assets.xcassets in Resources */,
				1B56248C2B4D23A00093D4F4 /* Main.storyboard in Resources */,
			);
			runOnlyForDeploymentPostprocessing = 0;
		};
		1BA19B3F2CAE3F3A009D6F0B /* Resources */ = {
			isa = PBXResourcesBuildPhase;
			buildActionMask = 2147483647;
			files = (
			);
			runOnlyForDeploymentPostprocessing = 0;
		};
/* End PBXResourcesBuildPhase section */

/* Begin PBXShellScriptBuildPhase section */
		1B906CF42CAC4BC600F4E636 /* Build Phase Script */ = {
			isa = PBXShellScriptBuildPhase;
			buildActionMask = 2147483647;
			files = (
			);
			inputFileListPaths = (
			);
			inputPaths = (
			);
			name = "Build Phase Script";
			outputFileListPaths = (
			);
			outputPaths = (
			);
			runOnlyForDeploymentPostprocessing = 0;
			shellPath = /bin/sh;
			shellScript = "echo \"Fixing Pods-LearningRxSwift-frameworks.sh\"\nSRC_STR=' source=\"$(readlink \"${source}\")\"'\nDST_STR=' #source=\"$(readlink \"${source}\")\"'\n\nsed -i -e \"s/${SRC_STR}/${DST_STR}/g\" ${PODS_ROOT}\"/Target Support Files/Pods-LearningRxSwift/Pods-LearningRxSwift-frameworks.sh\"\n\necho \"Done Fixing Pods-LearningRxSwift-frameworks.sh\"\n";
			showEnvVarsInLog = 0;
		};
		5B699A1651A42C609DDD1319 /* [CP] Embed Pods Frameworks */ = {
			isa = PBXShellScriptBuildPhase;
			buildActionMask = 2147483647;
			files = (
			);
			inputFileListPaths = (
				"${PODS_ROOT}/Target Support Files/Pods-LearningRxSwift/Pods-LearningRxSwift-frameworks-${CONFIGURATION}-input-files.xcfilelist",
			);
			name = "[CP] Embed Pods Frameworks";
			outputFileListPaths = (
				"${PODS_ROOT}/Target Support Files/Pods-LearningRxSwift/Pods-LearningRxSwift-frameworks-${CONFIGURATION}-output-files.xcfilelist",
			);
			runOnlyForDeploymentPostprocessing = 0;
			shellPath = /bin/sh;
			shellScript = "\"${PODS_ROOT}/Target Support Files/Pods-LearningRxSwift/Pods-LearningRxSwift-frameworks.sh\"\n";
			showEnvVarsInLog = 0;
		};
		8685AF065DCA6C14D356B505 /* [CP] Check Pods Manifest.lock */ = {
			isa = PBXShellScriptBuildPhase;
			buildActionMask = 2147483647;
			files = (
			);
			inputFileListPaths = (
			);
			inputPaths = (
				"${PODS_PODFILE_DIR_PATH}/Podfile.lock",
				"${PODS_ROOT}/Manifest.lock",
			);
			name = "[CP] Check Pods Manifest.lock";
			outputFileListPaths = (
			);
			outputPaths = (
				"$(DERIVED_FILE_DIR)/Pods-LearningRxSwift-checkManifestLockResult.txt",
			);
			runOnlyForDeploymentPostprocessing = 0;
			shellPath = /bin/sh;
			shellScript = "diff \"${PODS_PODFILE_DIR_PATH}/Podfile.lock\" \"${PODS_ROOT}/Manifest.lock\" > /dev/null\nif [ $? != 0 ] ; then\n    # print error to STDERR\n    echo \"error: The sandbox is not in sync with the Podfile.lock. Run 'pod install' or update your CocoaPods installation.\" >&2\n    exit 1\nfi\n# This output is used by Xcode 'outputs' to avoid re-running this script phase.\necho \"SUCCESS\" > \"${SCRIPT_OUTPUT_FILE_0}\"\n";
			showEnvVarsInLog = 0;
		};
/* End PBXShellScriptBuildPhase section */

/* Begin PBXSourcesBuildPhase section */
		1B56247D2B4D23A00093D4F4 /* Sources */ = {
			isa = PBXSourcesBuildPhase;
			buildActionMask = 2147483647;
			files = (
				1B773DA02CAE3082009897AF /* ViewController.swift in Sources */,
				1B5624852B4D23A00093D4F4 /* AppDelegate.swift in Sources */,
				1B5624872B4D23A00093D4F4 /* SceneDelegate.swift in Sources */,
			);
			runOnlyForDeploymentPostprocessing = 0;
		};
		1BA19B3D2CAE3F3A009D6F0B /* Sources */ = {
			isa = PBXSourcesBuildPhase;
			buildActionMask = 2147483647;
			files = (
				1BA19B4A2CAE3F4F009D6F0B /* LearningRxSwiftTests.swift in Sources */,
			);
			runOnlyForDeploymentPostprocessing = 0;
		};
/* End PBXSourcesBuildPhase section */

/* Begin PBXTargetDependency section */
		1BA19B462CAE3F3A009D6F0B /* PBXTargetDependency */ = {
			isa = PBXTargetDependency;
			target = 1B5624802B4D23A00093D4F4 /* LearningRxSwift */;
			targetProxy = 1BA19B452CAE3F3A009D6F0B /* PBXContainerItemProxy */;
		};
/* End PBXTargetDependency section */

/* Begin PBXVariantGroup section */
		1B56248A2B4D23A00093D4F4 /* Main.storyboard */ = {
			isa = PBXVariantGroup;
			children = (
				1B56248B2B4D23A00093D4F4 /* Base */,
			);
			name = Main.storyboard;
			sourceTree = "<group>";
		};
		1B56248F2B4D23A00093D4F4 /* LaunchScreen.storyboard */ = {
			isa = PBXVariantGroup;
			children = (
				1B5624902B4D23A00093D4F4 /* Base */,
			);
			name = LaunchScreen.storyboard;
			sourceTree = "<group>";
		};
/* End PBXVariantGroup section */

/* Begin XCBuildConfiguration section */
		1B5624932B4D23A00093D4F4 /* Debug */ = {
			isa = XCBuildConfiguration;
			buildSettings = {
				ALWAYS_SEARCH_USER_PATHS = NO;
				ASSETCATALOG_COMPILER_GENERATE_SWIFT_ASSET_SYMBOL_EXTENSIONS = YES;
				CLANG_ANALYZER_NONNULL = YES;
				CLANG_ANALYZER_NUMBER_OBJECT_CONVERSION = YES_AGGRESSIVE;
				CLANG_CXX_LANGUAGE_STANDARD = "gnu++20";
				CLANG_ENABLE_MODULES = YES;
				CLANG_ENABLE_OBJC_ARC = YES;
				CLANG_ENABLE_OBJC_WEAK = YES;
				CLANG_WARN_BLOCK_CAPTURE_AUTORELEASING = YES;
				CLANG_WARN_BOOL_CONVERSION = YES;
				CLANG_WARN_COMMA = YES;
				CLANG_WARN_CONSTANT_CONVERSION = YES;
				CLANG_WARN_DEPRECATED_OBJC_IMPLEMENTATIONS = YES;
				CLANG_WARN_DIRECT_OBJC_ISA_USAGE = YES_ERROR;
				CLANG_WARN_DOCUMENTATION_COMMENTS = YES;
				CLANG_WARN_EMPTY_BODY = YES;
				CLANG_WARN_ENUM_CONVERSION = YES;
				CLANG_WARN_INFINITE_RECURSION = YES;
				CLANG_WARN_INT_CONVERSION = YES;
				CLANG_WARN_NON_LITERAL_NULL_CONVERSION = YES;
				CLANG_WARN_OBJC_IMPLICIT_RETAIN_SELF = YES;
				CLANG_WARN_OBJC_LITERAL_CONVERSION = YES;
				CLANG_WARN_OBJC_ROOT_CLASS = YES_ERROR;
				CLANG_WARN_QUOTED_INCLUDE_IN_FRAMEWORK_HEADER = YES;
				CLANG_WARN_RANGE_LOOP_ANALYSIS = YES;
				CLANG_WARN_STRICT_PROTOTYPES = YES;
				CLANG_WARN_SUSPICIOUS_MOVE = YES;
				CLANG_WARN_UNGUARDED_AVAILABILITY = YES_AGGRESSIVE;
				CLANG_WARN_UNREACHABLE_CODE = YES;
				CLANG_WARN__DUPLICATE_METHOD_MATCH = YES;
				COPY_PHASE_STRIP = NO;
				DEBUG_INFORMATION_FORMAT = dwarf;
				ENABLE_STRICT_OBJC_MSGSEND = YES;
				ENABLE_TESTABILITY = YES;
				ENABLE_USER_SCRIPT_SANDBOXING = NO;
				GCC_C_LANGUAGE_STANDARD = gnu17;
				GCC_DYNAMIC_NO_PIC = NO;
				GCC_NO_COMMON_BLOCKS = YES;
				GCC_OPTIMIZATION_LEVEL = 0;
				GCC_PREPROCESSOR_DEFINITIONS = (
					"DEBUG=1",
					"$(inherited)",
				);
				GCC_WARN_64_TO_32_BIT_CONVERSION = YES;
				GCC_WARN_ABOUT_RETURN_TYPE = YES_ERROR;
				GCC_WARN_UNDECLARED_SELECTOR = YES;
				GCC_WARN_UNINITIALIZED_AUTOS = YES_AGGRESSIVE;
				GCC_WARN_UNUSED_FUNCTION = YES;
				GCC_WARN_UNUSED_VARIABLE = YES;
				IPHONEOS_DEPLOYMENT_TARGET = 13.0;
				LOCALIZATION_PREFERS_STRING_CATALOGS = YES;
				MTL_ENABLE_DEBUG_INFO = INCLUDE_SOURCE;
				MTL_FAST_MATH = YES;
				ONLY_ACTIVE_ARCH = YES;
				SDKROOT = iphoneos;
				SWIFT_ACTIVE_COMPILATION_CONDITIONS = "DEBUG $(inherited)";
				SWIFT_OPTIMIZATION_LEVEL = "-Onone";
			};
			name = Debug;
		};
		1B5624942B4D23A00093D4F4 /* Release */ = {
			isa = XCBuildConfiguration;
			buildSettings = {
				ALWAYS_SEARCH_USER_PATHS = NO;
				ASSETCATALOG_COMPILER_GENERATE_SWIFT_ASSET_SYMBOL_EXTENSIONS = YES;
				CLANG_ANALYZER_NONNULL = YES;
				CLANG_ANALYZER_NUMBER_OBJECT_CONVERSION = YES_AGGRESSIVE;
				CLANG_CXX_LANGUAGE_STANDARD = "gnu++20";
				CLANG_ENABLE_MODULES = YES;
				CLANG_ENABLE_OBJC_ARC = YES;
				CLANG_ENABLE_OBJC_WEAK = YES;
				CLANG_WARN_BLOCK_CAPTURE_AUTORELEASING = YES;
				CLANG_WARN_BOOL_CONVERSION = YES;
				CLANG_WARN_COMMA = YES;
				CLANG_WARN_CONSTANT_CONVERSION = YES;
				CLANG_WARN_DEPRECATED_OBJC_IMPLEMENTATIONS = YES;
				CLANG_WARN_DIRECT_OBJC_ISA_USAGE = YES_ERROR;
				CLANG_WARN_DOCUMENTATION_COMMENTS = YES;
				CLANG_WARN_EMPTY_BODY = YES;
				CLANG_WARN_ENUM_CONVERSION = YES;
				CLANG_WARN_INFINITE_RECURSION = YES;
				CLANG_WARN_INT_CONVERSION = YES;
				CLANG_WARN_NON_LITERAL_NULL_CONVERSION = YES;
				CLANG_WARN_OBJC_IMPLICIT_RETAIN_SELF = YES;
				CLANG_WARN_OBJC_LITERAL_CONVERSION = YES;
				CLANG_WARN_OBJC_ROOT_CLASS = YES_ERROR;
				CLANG_WARN_QUOTED_INCLUDE_IN_FRAMEWORK_HEADER = YES;
				CLANG_WARN_RANGE_LOOP_ANALYSIS = YES;
				CLANG_WARN_STRICT_PROTOTYPES = YES;
				CLANG_WARN_SUSPICIOUS_MOVE = YES;
				CLANG_WARN_UNGUARDED_AVAILABILITY = YES_AGGRESSIVE;
				CLANG_WARN_UNREACHABLE_CODE = YES;
				CLANG_WARN__DUPLICATE_METHOD_MATCH = YES;
				COPY_PHASE_STRIP = NO;
				DEBUG_INFORMATION_FORMAT = "dwarf-with-dsym";
				ENABLE_NS_ASSERTIONS = NO;
				ENABLE_STRICT_OBJC_MSGSEND = YES;
				ENABLE_USER_SCRIPT_SANDBOXING = NO;
				GCC_C_LANGUAGE_STANDARD = gnu17;
				GCC_NO_COMMON_BLOCKS = YES;
				GCC_WARN_64_TO_32_BIT_CONVERSION = YES;
				GCC_WARN_ABOUT_RETURN_TYPE = YES_ERROR;
				GCC_WARN_UNDECLARED_SELECTOR = YES;
				GCC_WARN_UNINITIALIZED_AUTOS = YES_AGGRESSIVE;
				GCC_WARN_UNUSED_FUNCTION = YES;
				GCC_WARN_UNUSED_VARIABLE = YES;
				IPHONEOS_DEPLOYMENT_TARGET = 13.0;
				LOCALIZATION_PREFERS_STRING_CATALOGS = YES;
				MTL_ENABLE_DEBUG_INFO = NO;
				MTL_FAST_MATH = YES;
				SDKROOT = iphoneos;
				SWIFT_COMPILATION_MODE = wholemodule;
				VALIDATE_PRODUCT = YES;
			};
			name = Release;
		};
		1B5624962B4D23A00093D4F4 /* Debug */ = {
			isa = XCBuildConfiguration;
			baseConfigurationReference = 84430D0DB2144632D1D954DB /* Pods-LearningRxSwift.debug.xcconfig */;
			buildSettings = {
				ASSETCATALOG_COMPILER_APPICON_NAME = AppIcon;
				ASSETCATALOG_COMPILER_GLOBAL_ACCENT_COLOR_NAME = AccentColor;
				CODE_SIGN_STYLE = Manual;
				CURRENT_PROJECT_VERSION = 1;
				DEVELOPMENT_TEAM = "";
				ENABLE_CODE_COVERAGE = YES;
				GENERATE_INFOPLIST_FILE = YES;
				INFOPLIST_FILE = LearningRxSwift/Info.plist;
				INFOPLIST_KEY_UIApplicationSupportsIndirectInputEvents = YES;
				INFOPLIST_KEY_UILaunchStoryboardName = LaunchScreen;
				INFOPLIST_KEY_UISupportedInterfaceOrientations = UIInterfaceOrientationPortrait;
				INFOPLIST_KEY_UISupportedInterfaceOrientations_iPad = "UIInterfaceOrientationLandscapeLeft UIInterfaceOrientationLandscapeRight UIInterfaceOrientationPortrait UIInterfaceOrientationPortraitUpsideDown";
				IPHONEOS_DEPLOYMENT_TARGET = 16.0;
				LD_RUNPATH_SEARCH_PATHS = (
					"$(inherited)",
					"@executable_path/Frameworks",
				);
				MARKETING_VERSION = 1.0;
				PRODUCT_BUNDLE_IDENTIFIER = com.agiletech.cicdtesting;
				PRODUCT_NAME = "$(TARGET_NAME)";
				PROVISIONING_PROFILE_SPECIFIER = "";
				SUPPORTED_PLATFORMS = "iphoneos iphonesimulator";
				SUPPORTS_MACCATALYST = NO;
				SUPPORTS_MAC_DESIGNED_FOR_IPHONE_IPAD = NO;
				SUPPORTS_XR_DESIGNED_FOR_IPHONE_IPAD = NO;
				SWIFT_EMIT_LOC_STRINGS = YES;
				SWIFT_VERSION = 5.0;
				TARGETED_DEVICE_FAMILY = "1,2";
			};
			name = Debug;
		};
		1B5624972B4D23A00093D4F4 /* Release */ = {
			isa = XCBuildConfiguration;
			baseConfigurationReference = 3415F602F3A90657EA21B63E /* Pods-LearningRxSwift.release.xcconfig */;
			buildSettings = {
				ASSETCATALOG_COMPILER_APPICON_NAME = AppIcon;
				ASSETCATALOG_COMPILER_GLOBAL_ACCENT_COLOR_NAME = AccentColor;
				"CODE_SIGN_IDENTITY[sdk=iphoneos*]" = "iPhone Distribution";
				CODE_SIGN_STYLE = Manual;
				CURRENT_PROJECT_VERSION = 1;
				DEVELOPMENT_TEAM = "";
				"DEVELOPMENT_TEAM[sdk=iphoneos*]" = EUKQS3744F;
				ENABLE_CODE_COVERAGE = YES;
				GENERATE_INFOPLIST_FILE = YES;
				INFOPLIST_FILE = LearningRxSwift/Info.plist;
				INFOPLIST_KEY_UIApplicationSupportsIndirectInputEvents = YES;
				INFOPLIST_KEY_UILaunchStoryboardName = LaunchScreen;
				INFOPLIST_KEY_UISupportedInterfaceOrientations = UIInterfaceOrientationPortrait;
				INFOPLIST_KEY_UISupportedInterfaceOrientations_iPad = "UIInterfaceOrientationLandscapeLeft UIInterfaceOrientationLandscapeRight UIInterfaceOrientationPortrait UIInterfaceOrientationPortraitUpsideDown";
				IPHONEOS_DEPLOYMENT_TARGET = 16.0;
				LD_RUNPATH_SEARCH_PATHS = (
					"$(inherited)",
					"@executable_path/Frameworks",
				);
				MARKETING_VERSION = 1.0;
				PRODUCT_BUNDLE_IDENTIFIER = com.agiletech.cicdtesting;
				PRODUCT_NAME = "$(TARGET_NAME)";
				PROVISIONING_PROFILE_SPECIFIER = "";
				"PROVISIONING_PROFILE_SPECIFIER[sdk=iphoneos*]" = CI_CD_AppStore;
				SUPPORTED_PLATFORMS = "iphoneos iphonesimulator";
				SUPPORTS_MACCATALYST = NO;
				SUPPORTS_MAC_DESIGNED_FOR_IPHONE_IPAD = NO;
				SUPPORTS_XR_DESIGNED_FOR_IPHONE_IPAD = NO;
				SWIFT_EMIT_LOC_STRINGS = YES;
				SWIFT_VERSION = 5.0;
				TARGETED_DEVICE_FAMILY = "1,2";
			};
			name = Release;
		};
		1BA19B482CAE3F3A009D6F0B /* Debug */ = {
			isa = XCBuildConfiguration;
			buildSettings = {
				BUNDLE_LOADER = "$(TEST_HOST)";
				CODE_SIGN_STYLE = Automatic;
				CURRENT_PROJECT_VERSION = 1;
				ENABLE_USER_SCRIPT_SANDBOXING = YES;
				GENERATE_INFOPLIST_FILE = YES;
				IPHONEOS_DEPLOYMENT_TARGET = 16.0;
				MARKETING_VERSION = 1.0;
				PRODUCT_BUNDLE_IDENTIFIER = com.test.LearningRxSwiftTests;
				PRODUCT_NAME = "$(TARGET_NAME)";
				SWIFT_EMIT_LOC_STRINGS = NO;
				SWIFT_VERSION = 5.0;
				TARGETED_DEVICE_FAMILY = "1,2";
				TEST_HOST = "$(BUILT_PRODUCTS_DIR)/LearningRxSwift.app/$(BUNDLE_EXECUTABLE_FOLDER_PATH)/LearningRxSwift";
			};
			name = Debug;
		};
		1BA19B492CAE3F3A009D6F0B /* Release */ = {
			isa = XCBuildConfiguration;
			buildSettings = {
				BUNDLE_LOADER = "$(TEST_HOST)";
				CODE_SIGN_STYLE = Automatic;
				CURRENT_PROJECT_VERSION = 1;
				ENABLE_USER_SCRIPT_SANDBOXING = YES;
				GENERATE_INFOPLIST_FILE = YES;
				IPHONEOS_DEPLOYMENT_TARGET = 16.0;
				MARKETING_VERSION = 1.0;
				PRODUCT_BUNDLE_IDENTIFIER = com.test.LearningRxSwiftTests;
				PRODUCT_NAME = "$(TARGET_NAME)";
				SWIFT_EMIT_LOC_STRINGS = NO;
				SWIFT_VERSION = 5.0;
				TARGETED_DEVICE_FAMILY = "1,2";
				TEST_HOST = "$(BUILT_PRODUCTS_DIR)/LearningRxSwift.app/$(BUNDLE_EXECUTABLE_FOLDER_PATH)/LearningRxSwift";
			};
			name = Release;
		};
/* End XCBuildConfiguration section */

/* Begin XCConfigurationList section */
		1B56247C2B4D239F0093D4F4 /* Build configuration list for PBXProject "LearningRxSwift" */ = {
			isa = XCConfigurationList;
			buildConfigurations = (
				1B5624932B4D23A00093D4F4 /* Debug */,
				1B5624942B4D23A00093D4F4 /* Release */,
			);
			defaultConfigurationIsVisible = 0;
			defaultConfigurationName = Release;
		};
		1B5624952B4D23A00093D4F4 /* Build configuration list for PBXNativeTarget "LearningRxSwift" */ = {
			isa = XCConfigurationList;
			buildConfigurations = (
				1B5624962B4D23A00093D4F4 /* Debug */,
				1B5624972B4D23A00093D4F4 /* Release */,
			);
			defaultConfigurationIsVisible = 0;
			defaultConfigurationName = Release;
		};
		1BA19B472CAE3F3A009D6F0B /* Build configuration list for PBXNativeTarget "LearningRxSwiftTests" */ = {
			isa = XCConfigurationList;
			buildConfigurations = (
				1BA19B482CAE3F3A009D6F0B /* Debug */,
				1BA19B492CAE3F3A009D6F0B /* Release */,
			);
			defaultConfigurationIsVisible = 0;
			defaultConfigurationName = Release;
		};
/* End XCConfigurationList section */
	};
	rootObject = 1B5624792B4D239F0093D4F4 /* Project object */;
}
